// !$*UTF8*$!
{
	archiveVersion = 1;
	classes = {
	};
	objectVersion = 50;
	objects = {

/* Begin PBXBuildFile section */
		5E95E8E324DD3DCA00FDA750 /* AppDelegate.swift in Sources */ = {isa = PBXBuildFile; fileRef = 5E95E8E224DD3DCA00FDA750 /* AppDelegate.swift */; };
		5E95E8E524DD3DCA00FDA750 /* SceneDelegate.swift in Sources */ = {isa = PBXBuildFile; fileRef = 5E95E8E424DD3DCA00FDA750 /* SceneDelegate.swift */; };
		5E95E8E724DD3DCA00FDA750 /* ViewController.swift in Sources */ = {isa = PBXBuildFile; fileRef = 5E95E8E624DD3DCA00FDA750 /* ViewController.swift */; };
		5E95E8EA24DD3DCA00FDA750 /* Main.storyboard in Resources */ = {isa = PBXBuildFile; fileRef = 5E95E8E824DD3DCA00FDA750 /* Main.storyboard */; };
		5E95E8ED24DD3DCA00FDA750 /* LocalWeatherApp.xcdatamodeld in Sources */ = {isa = PBXBuildFile; fileRef = 5E95E8EB24DD3DCA00FDA750 /* LocalWeatherApp.xcdatamodeld */; };
		5E95E8EF24DD3DCB00FDA750 /* Assets.xcassets in Resources */ = {isa = PBXBuildFile; fileRef = 5E95E8EE24DD3DCB00FDA750 /* Assets.xcassets */; };
		5E95E8F224DD3DCB00FDA750 /* LaunchScreen.storyboard in Resources */ = {isa = PBXBuildFile; fileRef = 5E95E8F024DD3DCB00FDA750 /* LaunchScreen.storyboard */; };
/* End PBXBuildFile section */

/* Begin PBXFileReference section */
		5E95E8DF24DD3DCA00FDA750 /* LocalWeatherApp.app */ = {isa = PBXFileReference; explicitFileType = wrapper.application; includeInIndex = 0; path = LocalWeatherApp.app; sourceTree = BUILT_PRODUCTS_DIR; };
		5E95E8E224DD3DCA00FDA750 /* AppDelegate.swift */ = {isa = PBXFileReference; lastKnownFileType = sourcecode.swift; path = AppDelegate.swift; sourceTree = "<group>"; };
		5E95E8E424DD3DCA00FDA750 /* SceneDelegate.swift */ = {isa = PBXFileReference; lastKnownFileType = sourcecode.swift; path = SceneDelegate.swift; sourceTree = "<group>"; };
		5E95E8E624DD3DCA00FDA750 /* ViewController.swift */ = {isa = PBXFileReference; lastKnownFileType = sourcecode.swift; path = ViewController.swift; sourceTree = "<group>"; };
		5E95E8E924DD3DCA00FDA750 /* Base */ = {isa = PBXFileReference; lastKnownFileType = file.storyboard; name = Base; path = Base.lproj/Main.storyboard; sourceTree = "<group>"; };
		5E95E8EC24DD3DCA00FDA750 /* LocalWeatherApp.xcdatamodel */ = {isa = PBXFileReference; lastKnownFileType = wrapper.xcdatamodel; path = LocalWeatherApp.xcdatamodel; sourceTree = "<group>"; };
		5E95E8EE24DD3DCB00FDA750 /* Assets.xcassets */ = {isa = PBXFileReference; lastKnownFileType = folder.assetcatalog; path = Assets.xcassets; sourceTree = "<group>"; };
		5E95E8F124DD3DCB00FDA750 /* Base */ = {isa = PBXFileReference; lastKnownFileType = file.storyboard; name = Base; path = Base.lproj/LaunchScreen.storyboard; sourceTree = "<group>"; };
		5E95E8F324DD3DCB00FDA750 /* Info.plist */ = {isa = PBXFileReference; lastKnownFileType = text.plist.xml; path = Info.plist; sourceTree = "<group>"; };
/* End PBXFileReference section */

/* Begin PBXFrameworksBuildPhase section */
		5E95E8DC24DD3DCA00FDA750 /* Frameworks */ = {
			isa = PBXFrameworksBuildPhase;
			buildActionMask = 2147483647;
			files = (
			);
			runOnlyForDeploymentPostprocessing = 0;
		};
/* End PBXFrameworksBuildPhase section */

/* Begin PBXGroup section */
		5E95E8D624DD3DCA00FDA750 = {
			isa = PBXGroup;
			children = (
				5E95E8E124DD3DCA00FDA750 /* LocalWeatherApp */,
				5E95E8E024DD3DCA00FDA750 /* Products */,
			);
			sourceTree = "<group>";
		};
		5E95E8E024DD3DCA00FDA750 /* Products */ = {
			isa = PBXGroup;
			children = (
				5E95E8DF24DD3DCA00FDA750 /* LocalWeatherApp.app */,
			);
			name = Products;
			sourceTree = "<group>";
		};
		5E95E8E124DD3DCA00FDA750 /* LocalWeatherApp */ = {
			isa = PBXGroup;
			children = (
				5E95E8E224DD3DCA00FDA750 /* AppDelegate.swift */,
				5E95E8E424DD3DCA00FDA750 /* SceneDelegate.swift */,
				5E95E8E624DD3DCA00FDA750 /* ViewController.swift */,
				5E95E8E824DD3DCA00FDA750 /* Main.storyboard */,
				5E95E8EE24DD3DCB00FDA750 /* Assets.xcassets */,
				5E95E8F024DD3DCB00FDA750 /* LaunchScreen.storyboard */,
				5E95E8F324DD3DCB00FDA750 /* Info.plist */,
				5E95E8EB24DD3DCA00FDA750 /* LocalWeatherApp.xcdatamodeld */,
			);
			path = LocalWeatherApp;
			sourceTree = "<group>";
		};
/* End PBXGroup section */

/* Begin PBXNativeTarget section */
		5E95E8DE24DD3DCA00FDA750 /* LocalWeatherApp */ = {
			isa = PBXNativeTarget;
			buildConfigurationList = 5E95E8F624DD3DCB00FDA750 /* Build configuration list for PBXNativeTarget "LocalWeatherApp" */;
			buildPhases = (
				5E95E8DB24DD3DCA00FDA750 /* Sources */,
				5E95E8DC24DD3DCA00FDA750 /* Frameworks */,
				5E95E8DD24DD3DCA00FDA750 /* Resources */,
			);
			buildRules = (
			);
			dependencies = (
			);
			name = LocalWeatherApp;
			productName = LocalWeatherApp;
			productReference = 5E95E8DF24DD3DCA00FDA750 /* LocalWeatherApp.app */;
			productType = "com.apple.product-type.application";
		};
/* End PBXNativeTarget section */

/* Begin PBXProject section */
		5E95E8D724DD3DCA00FDA750 /* Project object */ = {
			isa = PBXProject;
			attributes = {
				LastSwiftUpdateCheck = 1160;
				LastUpgradeCheck = 1160;
				ORGANIZATIONNAME = "Aviad Sabag";
				TargetAttributes = {
					5E95E8DE24DD3DCA00FDA750 = {
						CreatedOnToolsVersion = 11.6;
					};
				};
			};
			buildConfigurationList = 5E95E8DA24DD3DCA00FDA750 /* Build configuration list for PBXProject "LocalWeatherApp" */;
			compatibilityVersion = "Xcode 9.3";
			developmentRegion = en;
			hasScannedForEncodings = 0;
			knownRegions = (
				en,
				Base,
			);
			mainGroup = 5E95E8D624DD3DCA00FDA750;
			productRefGroup = 5E95E8E024DD3DCA00FDA750 /* Products */;
			projectDirPath = "";
			projectRoot = "";
			targets = (
				5E95E8DE24DD3DCA00FDA750 /* LocalWeatherApp */,
			);
		};
/* End PBXProject section */

/* Begin PBXResourcesBuildPhase section */
		5E95E8DD24DD3DCA00FDA750 /* Resources */ = {
			isa = PBXResourcesBuildPhase;
			buildActionMask = 2147483647;
			files = (
				5E95E8F224DD3DCB00FDA750 /* LaunchScreen.storyboard in Resources */,
				5E95E8EF24DD3DCB00FDA750 /* Assets.xcassets in Resources */,
				5E95E8EA24DD3DCA00FDA750 /* Main.storyboard in Resources */,
			);
			runOnlyForDeploymentPostprocessing = 0;
		};
/* End PBXResourcesBuildPhase section */

/* Begin PBXSourcesBuildPhase section */
		5E95E8DB24DD3DCA00FDA750 /* Sources */ = {
			isa = PBXSourcesBuildPhase;
			buildActionMask = 2147483647;
			files = (
				5E95E8ED24DD3DCA00FDA750 /* LocalWeatherApp.xcdatamodeld in Sources */,
				5E95E8E724DD3DCA00FDA750 /* ViewController.swift in Sources */,
				5E95E8E324DD3DCA00FDA750 /* AppDelegate.swift in Sources */,
				5E95E8E524DD3DCA00FDA750 /* SceneDelegate.swift in Sources */,
			);
			runOnlyForDeploymentPostprocessing = 0;
		};
/* End PBXSourcesBuildPhase section */

/* Begin PBXVariantGroup section */
		5E95E8E824DD3DCA00FDA750 /* Main.storyboard */ = {
			isa = PBXVariantGroup;
			children = (
				5E95E8E924DD3DCA00FDA750 /* Base */,
			);
			name = Main.storyboard;
			sourceTree = "<group>";
		};
		5E95E8F024DD3DCB00FDA750 /* LaunchScreen.storyboard */ = {
			isa = PBXVariantGroup;
			children = (
				5E95E8F124DD3DCB00FDA750 /* Base */,
			);
			name = LaunchScreen.storyboard;
			sourceTree = "<group>";
		};
/* End PBXVariantGroup section */

/* Begin XCBuildConfiguration section */
		5E95E8F424DD3DCB00FDA750 /* Debug */ = {
			isa = XCBuildConfiguration;
			buildSettings = {
				ALWAYS_SEARCH_USER_PATHS = NO;
				CLANG_ANALYZER_NONNULL = YES;
				CLANG_ANALYZER_NUMBER_OBJECT_CONVERSION = YES_AGGRESSIVE;
				CLANG_CXX_LANGUAGE_STANDARD = "gnu++14";
				CLANG_CXX_LIBRARY = "libc++";
				CLANG_ENABLE_MODULES = YES;
				CLANG_ENABLE_OBJC_ARC = YES;
				CLANG_ENABLE_OBJC_WEAK = YES;
				CLANG_WARN_BLOCK_CAPTURE_AUTORELEASING = YES;
				CLANG_WARN_BOOL_CONVERSION = YES;
				CLANG_WARN_COMMA = YES;
				CLANG_WARN_CONSTANT_CONVERSION = YES;
				CLANG_WARN_DEPRECATED_OBJC_IMPLEMENTATIONS = YES;
				CLANG_WARN_DIRECT_OBJC_ISA_USAGE = YES_ERROR;
				CLANG_WARN_DOCUMENTATION_COMMENTS = YES;
				CLANG_WARN_EMPTY_BODY = YES;
				CLANG_WARN_ENUM_CONVERSION = YES;
				CLANG_WARN_INFINITE_RECURSION = YES;
				CLANG_WARN_INT_CONVERSION = YES;
				CLANG_WARN_NON_LITERAL_NULL_CONVERSION = YES;
				CLANG_WARN_OBJC_IMPLICIT_RETAIN_SELF = YES;
				CLANG_WARN_OBJC_LITERAL_CONVERSION = YES;
				CLANG_WARN_OBJC_ROOT_CLASS = YES_ERROR;
				CLANG_WARN_RANGE_LOOP_ANALYSIS = YES;
				CLANG_WARN_STRICT_PROTOTYPES = YES;
				CLANG_WARN_SUSPICIOUS_MOVE = YES;
				CLANG_WARN_UNGUARDED_AVAILABILITY = YES_AGGRESSIVE;
				CLANG_WARN_UNREACHABLE_CODE = YES;
				CLANG_WARN__DUPLICATE_METHOD_MATCH = YES;
				COPY_PHASE_STRIP = NO;
				DEBUG_INFORMATION_FORMAT = dwarf;
				ENABLE_STRICT_OBJC_MSGSEND = YES;
				ENABLE_TESTABILITY = YES;
				GCC_C_LANGUAGE_STANDARD = gnu11;
				GCC_DYNAMIC_NO_PIC = NO;
				GCC_NO_COMMON_BLOCKS = YES;
				GCC_OPTIMIZATION_LEVEL = 0;
				GCC_PREPROCESSOR_DEFINITIONS = (
					"DEBUG=1",
					"$(inherited)",
				);
				GCC_WARN_64_TO_32_BIT_CONVERSION = YES;
				GCC_WARN_ABOUT_RETURN_TYPE = YES_ERROR;
				GCC_WARN_UNDECLARED_SELECTOR = YES;
				GCC_WARN_UNINITIALIZED_AUTOS = YES_AGGRESSIVE;
				GCC_WARN_UNUSED_FUNCTION = YES;
				GCC_WARN_UNUSED_VARIABLE = YES;
				IPHONEOS_DEPLOYMENT_TARGET = 13.6;
				MTL_ENABLE_DEBUG_INFO = INCLUDE_SOURCE;
				MTL_FAST_MATH = YES;
				ONLY_ACTIVE_ARCH = YES;
				SDKROOT = iphoneos;
				SWIFT_ACTIVE_COMPILATION_CONDITIONS = DEBUG;
				SWIFT_OPTIMIZATION_LEVEL = "-Onone";
			};
			name = Debug;
		};
		5E95E8F524DD3DCB00FDA750 /* Release */ = {
			isa = XCBuildConfiguration;
			buildSettings = {
				ALWAYS_SEARCH_USER_PATHS = NO;
				CLANG_ANALYZER_NONNULL = YES;
				CLANG_ANALYZER_NUMBER_OBJECT_CONVERSION = YES_AGGRESSIVE;
				CLANG_CXX_LANGUAGE_STANDARD = "gnu++14";
				CLANG_CXX_LIBRARY = "libc++";
				CLANG_ENABLE_MODULES = YES;
				CLANG_ENABLE_OBJC_ARC = YES;
				CLANG_ENABLE_OBJC_WEAK = YES;
				CLANG_WARN_BLOCK_CAPTURE_AUTORELEASING = YES;
				CLANG_WARN_BOOL_CONVERSION = YES;
				CLANG_WARN_COMMA = YES;
				CLANG_WARN_CONSTANT_CONVERSION = YES;
				CLANG_WARN_DEPRECATED_OBJC_IMPLEMENTATIONS = YES;
				CLANG_WARN_DIRECT_OBJC_ISA_USAGE = YES_ERROR;
				CLANG_WARN_DOCUMENTATION_COMMENTS = YES;
				CLANG_WARN_EMPTY_BODY = YES;
				CLANG_WARN_ENUM_CONVERSION = YES;
				CLANG_WARN_INFINITE_RECURSION = YES;
				CLANG_WARN_INT_CONVERSION = YES;
				CLANG_WARN_NON_LITERAL_NULL_CONVERSION = YES;
				CLANG_WARN_OBJC_IMPLICIT_RETAIN_SELF = YES;
				CLANG_WARN_OBJC_LITERAL_CONVERSION = YES;
				CLANG_WARN_OBJC_ROOT_CLASS = YES_ERROR;
				CLANG_WARN_RANGE_LOOP_ANALYSIS = YES;
				CLANG_WARN_STRICT_PROTOTYPES = YES;
				CLANG_WARN_SUSPICIOUS_MOVE = YES;
				CLANG_WARN_UNGUARDED_AVAILABILITY = YES_AGGRESSIVE;
				CLANG_WARN_UNREACHABLE_CODE = YES;
				CLANG_WARN__DUPLICATE_METHOD_MATCH = YES;
				COPY_PHASE_STRIP = NO;
				DEBUG_INFORMATION_FORMAT = "dwarf-with-dsym";
				ENABLE_NS_ASSERTIONS = NO;
				ENABLE_STRICT_OBJC_MSGSEND = YES;
				GCC_C_LANGUAGE_STANDARD = gnu11;
				GCC_NO_COMMON_BLOCKS = YES;
				GCC_WARN_64_TO_32_BIT_CONVERSION = YES;
				GCC_WARN_ABOUT_RETURN_TYPE = YES_ERROR;
				GCC_WARN_UNDECLARED_SELECTOR = YES;
				GCC_WARN_UNINITIALIZED_AUTOS = YES_AGGRESSIVE;
				GCC_WARN_UNUSED_FUNCTION = YES;
				GCC_WARN_UNUSED_VARIABLE = YES;
				IPHONEOS_DEPLOYMENT_TARGET = 13.6;
				MTL_ENABLE_DEBUG_INFO = NO;
				MTL_FAST_MATH = YES;
				SDKROOT = iphoneos;
				SWIFT_COMPILATION_MODE = wholemodule;
				SWIFT_OPTIMIZATION_LEVEL = "-O";
				VALIDATE_PRODUCT = YES;
			};
			name = Release;
		};
		5E95E8F724DD3DCB00FDA750 /* Debug */ = {
			isa = XCBuildConfiguration;
			buildSettings = {
				ASSETCATALOG_COMPILER_APPICON_NAME = AppIcon;
				CODE_SIGN_STYLE = Automatic;
				DEVELOPMENT_TEAM = D7LQK5437U;
				INFOPLIST_FILE = LocalWeatherApp/Info.plist;
				LD_RUNPATH_SEARCH_PATHS = (
					"$(inherited)",
					"@executable_path/Frameworks",
				);
				PRODUCT_BUNDLE_IDENTIFIER = AviadSabag.LocalWeatherApp;
				PRODUCT_NAME = "$(TARGET_NAME)";
				SWIFT_VERSION = 5.0;
				TARGETED_DEVICE_FAMILY = "1,2";
			};
			name = Debug;
		};
		5E95E8F824DD3DCB00FDA750 /* Release */ = {
			isa = XCBuildConfiguration;
			buildSettings = {
				ASSETCATALOG_COMPILER_APPICON_NAME = AppIcon;
				CODE_SIGN_STYLE = Automatic;
				DEVELOPMENT_TEAM = D7LQK5437U;
				INFOPLIST_FILE = LocalWeatherApp/Info.plist;
				LD_RUNPATH_SEARCH_PATHS = (
					"$(inherited)",
					"@executable_path/Frameworks",
				);
				PRODUCT_BUNDLE_IDENTIFIER = AviadSabag.LocalWeatherApp;
				PRODUCT_NAME = "$(TARGET_NAME)";
				SWIFT_VERSION = 5.0;
				TARGETED_DEVICE_FAMILY = "1,2";
			};
			name = Release;
		};
/* End XCBuildConfiguration section */

/* Begin XCConfigurationList section */
		5E95E8DA24DD3DCA00FDA750 /* Build configuration list for PBXProject "LocalWeatherApp" */ = {
			isa = XCConfigurationList;
			buildConfigurations = (
				5E95E8F424DD3DCB00FDA750 /* Debug */,
				5E95E8F524DD3DCB00FDA750 /* Release */,
			);
			defaultConfigurationIsVisible = 0;
			defaultConfigurationName = Release;
		};
		5E95E8F624DD3DCB00FDA750 /* Build configuration list for PBXNativeTarget "LocalWeatherApp" */ = {
			isa = XCConfigurationList;
			buildConfigurations = (
				5E95E8F724DD3DCB00FDA750 /* Debug */,
				5E95E8F824DD3DCB00FDA750 /* Release */,
			);
			defaultConfigurationIsVisible = 0;
			defaultConfigurationName = Release;
		};
/* End XCConfigurationList section */

/* Begin XCVersionGroup section */
		5E95E8EB24DD3DCA00FDA750 /* LocalWeatherApp.xcdatamodeld */ = {
			isa = XCVersionGroup;
			children = (
				5E95E8EC24DD3DCA00FDA750 /* LocalWeatherApp.xcdatamodel */,
			);
			currentVersion = 5E95E8EC24DD3DCA00FDA750 /* LocalWeatherApp.xcdatamodel */;
			path = LocalWeatherApp.xcdatamodeld;
			sourceTree = "<group>";
			versionGroupType = wrapper.xcdatamodel;
		};
/* End XCVersionGroup section */
	};
	rootObject = 5E95E8D724DD3DCA00FDA750 /* Project object */;
}
